github.com/StefanMaron/BusinessCentral.AL.Runner v2.11.0+incompatible h1:kkQRLGM1DCgXAoIb4gqbmhoc6PP0Z4Lk3dOJHpsKY5A=
github.com/StefanMaron/BusinessCentral.AL.Runner v2.11.0+incompatible/go.mod h1:+qV2uq2L7ddmd3GHOn7+C1EN171G3ld/M8LtaE/dlGI=
github.com/StefanMaron/BusinessCentral.AL.Runner v2.11.1-0.20260909062425-43fb93d7cdda+incompatible h1:YTvmfe5O/0rlFoZ5bMs1q71Yo2g5QxTVA6YrCH8hwCA=
github.com/StefanMaron/BusinessCentral.AL.Runner v2.11.1-0.20260909062425-43fb93d7cdda+incompatible/go.mod h1:+qV2uq2L7ddmd3GHOn7+C1EN171G3ld/M8LtaE/dlGI=
